// !$*UTF8*$!
{
	archiveVersion = 1;
	classes = {
	};
	objectVersion = 46;
	objects = {

/* Begin PBXBuildFile section */
		0A48B8671B9B833B0057F9C3 /* 100feed.json in Resources */ = {isa = PBXBuildFile; fileRef = 0A48B8661B9B833B0057F9C3 /* 100feed.json */; };
		0A48B86C1B9BC8280057F9C3 /* new100feed.json in Resources */ = {isa = PBXBuildFile; fileRef = 0A48B86B1B9BC8280057F9C3 /* new100feed.json */; };
		0A48B86F1B9BE09D0057F9C3 /* TimelineView.m in Sources */ = {isa = PBXBuildFile; fileRef = 0A48B86E1B9BE09D0057F9C3 /* TimelineView.m */; };
		0A48B8881B9BE12F0057F9C3 /* MASCompositeConstraint.m in Sources */ = {isa = PBXBuildFile; fileRef = 0A48B8721B9BE12F0057F9C3 /* MASCompositeConstraint.m */; };
		0A48B8891B9BE12F0057F9C3 /* MASConstraint.m in Sources */ = {isa = PBXBuildFile; fileRef = 0A48B8751B9BE12F0057F9C3 /* MASConstraint.m */; };
		0A48B88A1B9BE12F0057F9C3 /* MASConstraintMaker.m in Sources */ = {isa = PBXBuildFile; fileRef = 0A48B8771B9BE12F0057F9C3 /* MASConstraintMaker.m */; };
		0A48B88B1B9BE12F0057F9C3 /* MASLayoutConstraint.m in Sources */ = {isa = PBXBuildFile; fileRef = 0A48B8791B9BE12F0057F9C3 /* MASLayoutConstraint.m */; };
		0A48B88C1B9BE12F0057F9C3 /* MASViewAttribute.m in Sources */ = {isa = PBXBuildFile; fileRef = 0A48B87D1B9BE12F0057F9C3 /* MASViewAttribute.m */; };
		0A48B88D1B9BE12F0057F9C3 /* MASViewConstraint.m in Sources */ = {isa = PBXBuildFile; fileRef = 0A48B87F1B9BE12F0057F9C3 /* MASViewConstraint.m */; };
		0A48B88E1B9BE12F0057F9C3 /* NSArray+MASAdditions.m in Sources */ = {isa = PBXBuildFile; fileRef = 0A48B8811B9BE12F0057F9C3 /* NSArray+MASAdditions.m */; };
		0A48B88F1B9BE12F0057F9C3 /* NSLayoutConstraint+MASDebugAdditions.m in Sources */ = {isa = PBXBuildFile; fileRef = 0A48B8841B9BE12F0057F9C3 /* NSLayoutConstraint+MASDebugAdditions.m */; };
		0A48B8901B9BE12F0057F9C3 /* View+MASAdditions.m in Sources */ = {isa = PBXBuildFile; fileRef = 0A48B8861B9BE12F0057F9C3 /* View+MASAdditions.m */; };
		0A48B8931B9BFEAE0057F9C3 /* UILabel+DrawAnimation.m in Sources */ = {isa = PBXBuildFile; fileRef = 0A48B8921B9BFEAE0057F9C3 /* UILabel+DrawAnimation.m */; };
		0A48B8981B9C08B10057F9C3 /* Firm.m in Sources */ = {isa = PBXBuildFile; fileRef = 0A48B8951B9C08B10057F9C3 /* Firm.m */; };
		0A48B8991B9C08B10057F9C3 /* Advisor.m in Sources */ = {isa = PBXBuildFile; fileRef = 0A48B8971B9C08B10057F9C3 /* Advisor.m */; };
		0A48B89B1B9C677A0057F9C3 /* firmfeed.json in Resources */ = {isa = PBXBuildFile; fileRef = 0A48B89A1B9C677A0057F9C3 /* firmfeed.json */; };
		0A48B89E1B9C70760057F9C3 /* DetailFirmViewController.m in Sources */ = {isa = PBXBuildFile; fileRef = 0A48B89D1B9C70760057F9C3 /* DetailFirmViewController.m */; };
		0A98C9FD1B9A97A700F05E63 /* main.m in Sources */ = {isa = PBXBuildFile; fileRef = 0A98C9FC1B9A97A700F05E63 /* main.m */; };
		0A98CA001B9A97A700F05E63 /* AppDelegate.m in Sources */ = {isa = PBXBuildFile; fileRef = 0A98C9FF1B9A97A700F05E63 /* AppDelegate.m */; };
		0A98CA031B9A97A700F05E63 /* Advised.xcdatamodeld in Sources */ = {isa = PBXBuildFile; fileRef = 0A98CA011B9A97A700F05E63 /* Advised.xcdatamodeld */; };
		0A98CA0B1B9A97A700F05E63 /* Images.xcassets in Resources */ = {isa = PBXBuildFile; fileRef = 0A98CA0A1B9A97A700F05E63 /* Images.xcassets */; };
		0A98CA0E1B9A97A700F05E63 /* LaunchScreen.xib in Resources */ = {isa = PBXBuildFile; fileRef = 0A98CA0C1B9A97A700F05E63 /* LaunchScreen.xib */; };
		0A98CA1A1B9A97A700F05E63 /* AdvisedTests.m in Sources */ = {isa = PBXBuildFile; fileRef = 0A98CA191B9A97A700F05E63 /* AdvisedTests.m */; };
		0A98CA281B9A97D000F05E63 /* ViewController.m in Sources */ = {isa = PBXBuildFile; fileRef = 0A98CA251B9A97D000F05E63 /* ViewController.m */; };
		0A98CA291B9A97D000F05E63 /* GradientView.m in Sources */ = {isa = PBXBuildFile; fileRef = 0A98CA271B9A97D000F05E63 /* GradientView.m */; };
		0A98CA2E1B9A9CBF00F05E63 /* Panton-Regular.otf in Resources */ = {isa = PBXBuildFile; fileRef = 0A98CA2A1B9A9CBF00F05E63 /* Panton-Regular.otf */; };
		0A98CA2F1B9A9CBF00F05E63 /* Panton-ExtraLight.otf in Resources */ = {isa = PBXBuildFile; fileRef = 0A98CA2B1B9A9CBF00F05E63 /* Panton-ExtraLight.otf */; };
		0A98CA301B9A9CBF00F05E63 /* Panton-Light.otf in Resources */ = {isa = PBXBuildFile; fileRef = 0A98CA2C1B9A9CBF00F05E63 /* Panton-Light.otf */; };
		0A98CA311B9A9CBF00F05E63 /* Panton-Thin.otf in Resources */ = {isa = PBXBuildFile; fileRef = 0A98CA2D1B9A9CBF00F05E63 /* Panton-Thin.otf */; };
		0A98CA951B9B51B100F05E63 /* PNBar.m in Sources */ = {isa = PBXBuildFile; fileRef = 0A98CA741B9B51B100F05E63 /* PNBar.m */; };
		0A98CA961B9B51B100F05E63 /* PNBarChart.m in Sources */ = {isa = PBXBuildFile; fileRef = 0A98CA761B9B51B100F05E63 /* PNBarChart.m */; };
		0A98CA971B9B51B100F05E63 /* PNChartLabel.m in Sources */ = {isa = PBXBuildFile; fileRef = 0A98CA7A1B9B51B100F05E63 /* PNChartLabel.m */; };
		0A98CA981B9B51B100F05E63 /* PNCircleChart.m in Sources */ = {isa = PBXBuildFile; fileRef = 0A98CA7C1B9B51B100F05E63 /* PNCircleChart.m */; };
		0A98CA991B9B51B100F05E63 /* PNColor.m in Sources */ = {isa = PBXBuildFile; fileRef = 0A98CA7E1B9B51B100F05E63 /* PNColor.m */; };
		0A98CA9A1B9B51B100F05E63 /* PNGenericChart.m in Sources */ = {isa = PBXBuildFile; fileRef = 0A98CA801B9B51B100F05E63 /* PNGenericChart.m */; };
		0A98CA9B1B9B51B100F05E63 /* PNLineChart.m in Sources */ = {isa = PBXBuildFile; fileRef = 0A98CA821B9B51B100F05E63 /* PNLineChart.m */; };
		0A98CA9C1B9B51B100F05E63 /* PNLineChartData.m in Sources */ = {isa = PBXBuildFile; fileRef = 0A98CA841B9B51B100F05E63 /* PNLineChartData.m */; };
		0A98CA9D1B9B51B100F05E63 /* PNLineChartDataItem.m in Sources */ = {isa = PBXBuildFile; fileRef = 0A98CA861B9B51B100F05E63 /* PNLineChartDataItem.m */; };
		0A98CA9E1B9B51B100F05E63 /* PNPieChart.m in Sources */ = {isa = PBXBuildFile; fileRef = 0A98CA881B9B51B100F05E63 /* PNPieChart.m */; };
		0A98CA9F1B9B51B100F05E63 /* PNPieChartDataItem.m in Sources */ = {isa = PBXBuildFile; fileRef = 0A98CA8A1B9B51B100F05E63 /* PNPieChartDataItem.m */; };
		0A98CAA01B9B51B100F05E63 /* PNRadarChart.m in Sources */ = {isa = PBXBuildFile; fileRef = 0A98CA8C1B9B51B100F05E63 /* PNRadarChart.m */; };
		0A98CAA21B9B51B100F05E63 /* PNScatterChart.m in Sources */ = {isa = PBXBuildFile; fileRef = 0A98CA901B9B51B100F05E63 /* PNScatterChart.m */; };
		0A98CAA31B9B51B100F05E63 /* PNScatterChartData.m in Sources */ = {isa = PBXBuildFile; fileRef = 0A98CA921B9B51B100F05E63 /* PNScatterChartData.m */; };
		0A98CAA41B9B51B100F05E63 /* PNScatterChartDataItem.m in Sources */ = {isa = PBXBuildFile; fileRef = 0A98CA941B9B51B100F05E63 /* PNScatterChartDataItem.m */; };
		0A98CAA71B9B53A400F05E63 /* DetailViewController.m in Sources */ = {isa = PBXBuildFile; fileRef = 0A98CAA61B9B53A400F05E63 /* DetailViewController.m */; };
		0A98CAAA1B9B567F00F05E63 /* UICountingLabel.m in Sources */ = {isa = PBXBuildFile; fileRef = 0A98CAA91B9B567F00F05E63 /* UICountingLabel.m */; };
		0A98CAAD1B9B578500F05E63 /* PNRadarChartDataItem.m in Sources */ = {isa = PBXBuildFile; fileRef = 0A98CAAC1B9B578500F05E63 /* PNRadarChartDataItem.m */; };
		0A98CAB71B9B5CE200F05E63 /* CoreData.framework in Frameworks */ = {isa = PBXBuildFile; fileRef = 0A98CAB61B9B5CE200F05E63 /* CoreData.framework */; };
/* End PBXBuildFile section */

/* Begin PBXContainerItemProxy section */
		0A98CA141B9A97A700F05E63 /* PBXContainerItemProxy */ = {
			isa = PBXContainerItemProxy;
			containerPortal = 0A98C9EF1B9A97A700F05E63 /* Project object */;
			proxyType = 1;
			remoteGlobalIDString = 0A98C9F61B9A97A700F05E63;
			remoteInfo = Advised;
		};
/* End PBXContainerItemProxy section */

/* Begin PBXFileReference section */
		0A48B8661B9B833B0057F9C3 /* 100feed.json */ = {isa = PBXFileReference; fileEncoding = 4; lastKnownFileType = text.json; path = 100feed.json; sourceTree = "<group>"; };
		0A48B86B1B9BC8280057F9C3 /* new100feed.json */ = {isa = PBXFileReference; fileEncoding = 4; lastKnownFileType = text.json; path = new100feed.json; sourceTree = "<group>"; };
		0A48B86D1B9BE09D0057F9C3 /* TimelineView.h */ = {isa = PBXFileReference; fileEncoding = 4; lastKnownFileType = sourcecode.c.h; path = TimelineView.h; sourceTree = "<group>"; };
		0A48B86E1B9BE09D0057F9C3 /* TimelineView.m */ = {isa = PBXFileReference; fileEncoding = 4; lastKnownFileType = sourcecode.c.objc; path = TimelineView.m; sourceTree = "<group>"; };
		0A48B8711B9BE12F0057F9C3 /* MASCompositeConstraint.h */ = {isa = PBXFileReference; fileEncoding = 4; lastKnownFileType = sourcecode.c.h; path = MASCompositeConstraint.h; sourceTree = "<group>"; };
		0A48B8721B9BE12F0057F9C3 /* MASCompositeConstraint.m */ = {isa = PBXFileReference; fileEncoding = 4; lastKnownFileType = sourcecode.c.objc; path = MASCompositeConstraint.m; sourceTree = "<group>"; };
		0A48B8731B9BE12F0057F9C3 /* MASConstraint+Private.h */ = {isa = PBXFileReference; fileEncoding = 4; lastKnownFileType = sourcecode.c.h; path = "MASConstraint+Private.h"; sourceTree = "<group>"; };
		0A48B8741B9BE12F0057F9C3 /* MASConstraint.h */ = {isa = PBXFileReference; fileEncoding = 4; lastKnownFileType = sourcecode.c.h; path = MASConstraint.h; sourceTree = "<group>"; };
		0A48B8751B9BE12F0057F9C3 /* MASConstraint.m */ = {isa = PBXFileReference; fileEncoding = 4; lastKnownFileType = sourcecode.c.objc; path = MASConstraint.m; sourceTree = "<group>"; };
		0A48B8761B9BE12F0057F9C3 /* MASConstraintMaker.h */ = {isa = PBXFileReference; fileEncoding = 4; lastKnownFileType = sourcecode.c.h; path = MASConstraintMaker.h; sourceTree = "<group>"; };
		0A48B8771B9BE12F0057F9C3 /* MASConstraintMaker.m */ = {isa = PBXFileReference; fileEncoding = 4; lastKnownFileType = sourcecode.c.objc; path = MASConstraintMaker.m; sourceTree = "<group>"; };
		0A48B8781B9BE12F0057F9C3 /* MASLayoutConstraint.h */ = {isa = PBXFileReference; fileEncoding = 4; lastKnownFileType = sourcecode.c.h; path = MASLayoutConstraint.h; sourceTree = "<group>"; };
		0A48B8791B9BE12F0057F9C3 /* MASLayoutConstraint.m */ = {isa = PBXFileReference; fileEncoding = 4; lastKnownFileType = sourcecode.c.objc; path = MASLayoutConstraint.m; sourceTree = "<group>"; };
		0A48B87A1B9BE12F0057F9C3 /* Masonry.h */ = {isa = PBXFileReference; fileEncoding = 4; lastKnownFileType = sourcecode.c.h; path = Masonry.h; sourceTree = "<group>"; };
		0A48B87B1B9BE12F0057F9C3 /* MASUtilities.h */ = {isa = PBXFileReference; fileEncoding = 4; lastKnownFileType = sourcecode.c.h; path = MASUtilities.h; sourceTree = "<group>"; };
		0A48B87C1B9BE12F0057F9C3 /* MASViewAttribute.h */ = {isa = PBXFileReference; fileEncoding = 4; lastKnownFileType = sourcecode.c.h; path = MASViewAttribute.h; sourceTree = "<group>"; };
		0A48B87D1B9BE12F0057F9C3 /* MASViewAttribute.m */ = {isa = PBXFileReference; fileEncoding = 4; lastKnownFileType = sourcecode.c.objc; path = MASViewAttribute.m; sourceTree = "<group>"; };
		0A48B87E1B9BE12F0057F9C3 /* MASViewConstraint.h */ = {isa = PBXFileReference; fileEncoding = 4; lastKnownFileType = sourcecode.c.h; path = MASViewConstraint.h; sourceTree = "<group>"; };
		0A48B87F1B9BE12F0057F9C3 /* MASViewConstraint.m */ = {isa = PBXFileReference; fileEncoding = 4; lastKnownFileType = sourcecode.c.objc; path = MASViewConstraint.m; sourceTree = "<group>"; };
		0A48B8801B9BE12F0057F9C3 /* NSArray+MASAdditions.h */ = {isa = PBXFileReference; fileEncoding = 4; lastKnownFileType = sourcecode.c.h; path = "NSArray+MASAdditions.h"; sourceTree = "<group>"; };
		0A48B8811B9BE12F0057F9C3 /* NSArray+MASAdditions.m */ = {isa = PBXFileReference; fileEncoding = 4; lastKnownFileType = sourcecode.c.objc; path = "NSArray+MASAdditions.m"; sourceTree = "<group>"; };
		0A48B8821B9BE12F0057F9C3 /* NSArray+MASShorthandAdditions.h */ = {isa = PBXFileReference; fileEncoding = 4; lastKnownFileType = sourcecode.c.h; path = "NSArray+MASShorthandAdditions.h"; sourceTree = "<group>"; };
		0A48B8831B9BE12F0057F9C3 /* NSLayoutConstraint+MASDebugAdditions.h */ = {isa = PBXFileReference; fileEncoding = 4; lastKnownFileType = sourcecode.c.h; path = "NSLayoutConstraint+MASDebugAdditions.h"; sourceTree = "<group>"; };
		0A48B8841B9BE12F0057F9C3 /* NSLayoutConstraint+MASDebugAdditions.m */ = {isa = PBXFileReference; fileEncoding = 4; lastKnownFileType = sourcecode.c.objc; path = "NSLayoutConstraint+MASDebugAdditions.m"; sourceTree = "<group>"; };
		0A48B8851B9BE12F0057F9C3 /* View+MASAdditions.h */ = {isa = PBXFileReference; fileEncoding = 4; lastKnownFileType = sourcecode.c.h; path = "View+MASAdditions.h"; sourceTree = "<group>"; };
		0A48B8861B9BE12F0057F9C3 /* View+MASAdditions.m */ = {isa = PBXFileReference; fileEncoding = 4; lastKnownFileType = sourcecode.c.objc; path = "View+MASAdditions.m"; sourceTree = "<group>"; };
		0A48B8871B9BE12F0057F9C3 /* View+MASShorthandAdditions.h */ = {isa = PBXFileReference; fileEncoding = 4; lastKnownFileType = sourcecode.c.h; path = "View+MASShorthandAdditions.h"; sourceTree = "<group>"; };
		0A48B8911B9BFEAE0057F9C3 /* UILabel+DrawAnimation.h */ = {isa = PBXFileReference; fileEncoding = 4; lastKnownFileType = sourcecode.c.h; path = "UILabel+DrawAnimation.h"; sourceTree = "<group>"; };
		0A48B8921B9BFEAE0057F9C3 /* UILabel+DrawAnimation.m */ = {isa = PBXFileReference; fileEncoding = 4; lastKnownFileType = sourcecode.c.objc; path = "UILabel+DrawAnimation.m"; sourceTree = "<group>"; };
		0A48B8941B9C08B10057F9C3 /* Firm.h */ = {isa = PBXFileReference; fileEncoding = 4; lastKnownFileType = sourcecode.c.h; path = Firm.h; sourceTree = "<group>"; };
		0A48B8951B9C08B10057F9C3 /* Firm.m */ = {isa = PBXFileReference; fileEncoding = 4; lastKnownFileType = sourcecode.c.objc; path = Firm.m; sourceTree = "<group>"; };
		0A48B8961B9C08B10057F9C3 /* Advisor.h */ = {isa = PBXFileReference; fileEncoding = 4; lastKnownFileType = sourcecode.c.h; path = Advisor.h; sourceTree = "<group>"; };
		0A48B8971B9C08B10057F9C3 /* Advisor.m */ = {isa = PBXFileReference; fileEncoding = 4; lastKnownFileType = sourcecode.c.objc; path = Advisor.m; sourceTree = "<group>"; };
		0A48B89A1B9C677A0057F9C3 /* firmfeed.json */ = {isa = PBXFileReference; fileEncoding = 4; lastKnownFileType = text.json; path = firmfeed.json; sourceTree = "<group>"; };
		0A48B89C1B9C70760057F9C3 /* DetailFirmViewController.h */ = {isa = PBXFileReference; fileEncoding = 4; lastKnownFileType = sourcecode.c.h; name = DetailFirmViewController.h; path = PNChart/DetailFirmViewController.h; sourceTree = "<group>"; };
		0A48B89D1B9C70760057F9C3 /* DetailFirmViewController.m */ = {isa = PBXFileReference; fileEncoding = 4; lastKnownFileType = sourcecode.c.objc; name = DetailFirmViewController.m; path = PNChart/DetailFirmViewController.m; sourceTree = "<group>"; };
		0A98C9F71B9A97A700F05E63 /* Advised.app */ = {isa = PBXFileReference; explicitFileType = wrapper.application; includeInIndex = 0; path = Advised.app; sourceTree = BUILT_PRODUCTS_DIR; };
		0A98C9FB1B9A97A700F05E63 /* Info.plist */ = {isa = PBXFileReference; lastKnownFileType = text.plist.xml; path = Info.plist; sourceTree = "<group>"; };
		0A98C9FC1B9A97A700F05E63 /* main.m */ = {isa = PBXFileReference; lastKnownFileType = sourcecode.c.objc; path = main.m; sourceTree = "<group>"; };
		0A98C9FE1B9A97A700F05E63 /* AppDelegate.h */ = {isa = PBXFileReference; lastKnownFileType = sourcecode.c.h; path = AppDelegate.h; sourceTree = "<group>"; };
		0A98C9FF1B9A97A700F05E63 /* AppDelegate.m */ = {isa = PBXFileReference; lastKnownFileType = sourcecode.c.objc; path = AppDelegate.m; sourceTree = "<group>"; };
		0A98CA021B9A97A700F05E63 /* Advised.xcdatamodel */ = {isa = PBXFileReference; lastKnownFileType = wrapper.xcdatamodel; path = Advised.xcdatamodel; sourceTree = "<group>"; };
		0A98CA0A1B9A97A700F05E63 /* Images.xcassets */ = {isa = PBXFileReference; lastKnownFileType = folder.assetcatalog; path = Images.xcassets; sourceTree = "<group>"; };
		0A98CA0D1B9A97A700F05E63 /* Base */ = {isa = PBXFileReference; lastKnownFileType = file.xib; name = Base; path = Base.lproj/LaunchScreen.xib; sourceTree = "<group>"; };
		0A98CA131B9A97A700F05E63 /* AdvisedTests.xctest */ = {isa = PBXFileReference; explicitFileType = wrapper.cfbundle; includeInIndex = 0; path = AdvisedTests.xctest; sourceTree = BUILT_PRODUCTS_DIR; };
		0A98CA181B9A97A700F05E63 /* Info.plist */ = {isa = PBXFileReference; lastKnownFileType = text.plist.xml; path = Info.plist; sourceTree = "<group>"; };
		0A98CA191B9A97A700F05E63 /* AdvisedTests.m */ = {isa = PBXFileReference; lastKnownFileType = sourcecode.c.objc; path = AdvisedTests.m; sourceTree = "<group>"; };
		0A98CA231B9A97D000F05E63 /* UniversalHeader.h */ = {isa = PBXFileReference; fileEncoding = 4; lastKnownFileType = sourcecode.c.h; path = UniversalHeader.h; sourceTree = "<group>"; };
		0A98CA241B9A97D000F05E63 /* ViewController.h */ = {isa = PBXFileReference; fileEncoding = 4; lastKnownFileType = sourcecode.c.h; path = ViewController.h; sourceTree = "<group>"; };
		0A98CA251B9A97D000F05E63 /* ViewController.m */ = {isa = PBXFileReference; fileEncoding = 4; lastKnownFileType = sourcecode.c.objc; path = ViewController.m; sourceTree = "<group>"; };
		0A98CA261B9A97D000F05E63 /* GradientView.h */ = {isa = PBXFileReference; fileEncoding = 4; lastKnownFileType = sourcecode.c.h; path = GradientView.h; sourceTree = "<group>"; };
		0A98CA271B9A97D000F05E63 /* GradientView.m */ = {isa = PBXFileReference; fileEncoding = 4; lastKnownFileType = sourcecode.c.objc; path = GradientView.m; sourceTree = "<group>"; };
		0A98CA2A1B9A9CBF00F05E63 /* Panton-Regular.otf */ = {isa = PBXFileReference; lastKnownFileType = file; path = "Panton-Regular.otf"; sourceTree = "<group>"; };
		0A98CA2B1B9A9CBF00F05E63 /* Panton-ExtraLight.otf */ = {isa = PBXFileReference; lastKnownFileType = file; path = "Panton-ExtraLight.otf"; sourceTree = "<group>"; };
		0A98CA2C1B9A9CBF00F05E63 /* Panton-Light.otf */ = {isa = PBXFileReference; lastKnownFileType = file; path = "Panton-Light.otf"; sourceTree = "<group>"; };
		0A98CA2D1B9A9CBF00F05E63 /* Panton-Thin.otf */ = {isa = PBXFileReference; lastKnownFileType = file; path = "Panton-Thin.otf"; sourceTree = "<group>"; };
		0A98CA731B9B51B100F05E63 /* PNBar.h */ = {isa = PBXFileReference; fileEncoding = 4; lastKnownFileType = sourcecode.c.h; path = PNBar.h; sourceTree = "<group>"; };
		0A98CA741B9B51B100F05E63 /* PNBar.m */ = {isa = PBXFileReference; fileEncoding = 4; lastKnownFileType = sourcecode.c.objc; path = PNBar.m; sourceTree = "<group>"; };
		0A98CA751B9B51B100F05E63 /* PNBarChart.h */ = {isa = PBXFileReference; fileEncoding = 4; lastKnownFileType = sourcecode.c.h; path = PNBarChart.h; sourceTree = "<group>"; };
		0A98CA761B9B51B100F05E63 /* PNBarChart.m */ = {isa = PBXFileReference; fileEncoding = 4; lastKnownFileType = sourcecode.c.objc; path = PNBarChart.m; sourceTree = "<group>"; };
		0A98CA771B9B51B100F05E63 /* PNChart.h */ = {isa = PBXFileReference; fileEncoding = 4; lastKnownFileType = sourcecode.c.h; path = PNChart.h; sourceTree = "<group>"; };
		0A98CA781B9B51B100F05E63 /* PNChartDelegate.h */ = {isa = PBXFileReference; fileEncoding = 4; lastKnownFileType = sourcecode.c.h; path = PNChartDelegate.h; sourceTree = "<group>"; };
		0A98CA791B9B51B100F05E63 /* PNChartLabel.h */ = {isa = PBXFileReference; fileEncoding = 4; lastKnownFileType = sourcecode.c.h; path = PNChartLabel.h; sourceTree = "<group>"; };
		0A98CA7A1B9B51B100F05E63 /* PNChartLabel.m */ = {isa = PBXFileReference; fileEncoding = 4; lastKnownFileType = sourcecode.c.objc; path = PNChartLabel.m; sourceTree = "<group>"; };
		0A98CA7B1B9B51B100F05E63 /* PNCircleChart.h */ = {isa = PBXFileReference; fileEncoding = 4; lastKnownFileType = sourcecode.c.h; path = PNCircleChart.h; sourceTree = "<group>"; };
		0A98CA7C1B9B51B100F05E63 /* PNCircleChart.m */ = {isa = PBXFileReference; fileEncoding = 4; lastKnownFileType = sourcecode.c.objc; path = PNCircleChart.m; sourceTree = "<group>"; };
		0A98CA7D1B9B51B100F05E63 /* PNColor.h */ = {isa = PBXFileReference; fileEncoding = 4; lastKnownFileType = sourcecode.c.h; path = PNColor.h; sourceTree = "<group>"; };
		0A98CA7E1B9B51B100F05E63 /* PNColor.m */ = {isa = PBXFileReference; fileEncoding = 4; lastKnownFileType = sourcecode.c.objc; path = PNColor.m; sourceTree = "<group>"; };
		0A98CA7F1B9B51B100F05E63 /* PNGenericChart.h */ = {isa = PBXFileReference; fileEncoding = 4; lastKnownFileType = sourcecode.c.h; path = PNGenericChart.h; sourceTree = "<group>"; };
		0A98CA801B9B51B100F05E63 /* PNGenericChart.m */ = {isa = PBXFileReference; fileEncoding = 4; lastKnownFileType = sourcecode.c.objc; path = PNGenericChart.m; sourceTree = "<group>"; };
		0A98CA811B9B51B100F05E63 /* PNLineChart.h */ = {isa = PBXFileReference; fileEncoding = 4; lastKnownFileType = sourcecode.c.h; path = PNLineChart.h; sourceTree = "<group>"; };
		0A98CA821B9B51B100F05E63 /* PNLineChart.m */ = {isa = PBXFileReference; fileEncoding = 4; lastKnownFileType = sourcecode.c.objc; path = PNLineChart.m; sourceTree = "<group>"; };
		0A98CA831B9B51B100F05E63 /* PNLineChartData.h */ = {isa = PBXFileReference; fileEncoding = 4; lastKnownFileType = sourcecode.c.h; path = PNLineChartData.h; sourceTree = "<group>"; };
		0A98CA841B9B51B100F05E63 /* PNLineChartData.m */ = {isa = PBXFileReference; fileEncoding = 4; lastKnownFileType = sourcecode.c.objc; path = PNLineChartData.m; sourceTree = "<group>"; };
		0A98CA851B9B51B100F05E63 /* PNLineChartDataItem.h */ = {isa = PBXFileReference; fileEncoding = 4; lastKnownFileType = sourcecode.c.h; path = PNLineChartDataItem.h; sourceTree = "<group>"; };
		0A98CA861B9B51B100F05E63 /* PNLineChartDataItem.m */ = {isa = PBXFileReference; fileEncoding = 4; lastKnownFileType = sourcecode.c.objc; path = PNLineChartDataItem.m; sourceTree = "<group>"; };
		0A98CA871B9B51B100F05E63 /* PNPieChart.h */ = {isa = PBXFileReference; fileEncoding = 4; lastKnownFileType = sourcecode.c.h; path = PNPieChart.h; sourceTree = "<group>"; };
		0A98CA881B9B51B100F05E63 /* PNPieChart.m */ = {isa = PBXFileReference; fileEncoding = 4; lastKnownFileType = sourcecode.c.objc; path = PNPieChart.m; sourceTree = "<group>"; };
		0A98CA891B9B51B100F05E63 /* PNPieChartDataItem.h */ = {isa = PBXFileReference; fileEncoding = 4; lastKnownFileType = sourcecode.c.h; path = PNPieChartDataItem.h; sourceTree = "<group>"; };
		0A98CA8A1B9B51B100F05E63 /* PNPieChartDataItem.m */ = {isa = PBXFileReference; fileEncoding = 4; lastKnownFileType = sourcecode.c.objc; path = PNPieChartDataItem.m; sourceTree = "<group>"; };
		0A98CA8B1B9B51B100F05E63 /* PNRadarChart.h */ = {isa = PBXFileReference; fileEncoding = 4; lastKnownFileType = sourcecode.c.h; path = PNRadarChart.h; sourceTree = "<group>"; };
		0A98CA8C1B9B51B100F05E63 /* PNRadarChart.m */ = {isa = PBXFileReference; fileEncoding = 4; lastKnownFileType = sourcecode.c.objc; path = PNRadarChart.m; sourceTree = "<group>"; };
		0A98CA8F1B9B51B100F05E63 /* PNScatterChart.h */ = {isa = PBXFileReference; fileEncoding = 4; lastKnownFileType = sourcecode.c.h; path = PNScatterChart.h; sourceTree = "<group>"; };
		0A98CA901B9B51B100F05E63 /* PNScatterChart.m */ = {isa = PBXFileReference; fileEncoding = 4; lastKnownFileType = sourcecode.c.objc; path = PNScatterChart.m; sourceTree = "<group>"; };
		0A98CA911B9B51B100F05E63 /* PNScatterChartData.h */ = {isa = PBXFileReference; fileEncoding = 4; lastKnownFileType = sourcecode.c.h; path = PNScatterChartData.h; sourceTree = "<group>"; };
		0A98CA921B9B51B100F05E63 /* PNScatterChartData.m */ = {isa = PBXFileReference; fileEncoding = 4; lastKnownFileType = sourcecode.c.objc; path = PNScatterChartData.m; sourceTree = "<group>"; };
		0A98CA931B9B51B100F05E63 /* PNScatterChartDataItem.h */ = {isa = PBXFileReference; fileEncoding = 4; lastKnownFileType = sourcecode.c.h; path = PNScatterChartDataItem.h; sourceTree = "<group>"; };
		0A98CA941B9B51B100F05E63 /* PNScatterChartDataItem.m */ = {isa = PBXFileReference; fileEncoding = 4; lastKnownFileType = sourcecode.c.objc; path = PNScatterChartDataItem.m; sourceTree = "<group>"; };
		0A98CAA51B9B53A400F05E63 /* DetailViewController.h */ = {isa = PBXFileReference; fileEncoding = 4; lastKnownFileType = sourcecode.c.h; path = DetailViewController.h; sourceTree = "<group>"; };
		0A98CAA61B9B53A400F05E63 /* DetailViewController.m */ = {isa = PBXFileReference; fileEncoding = 4; lastKnownFileType = sourcecode.c.objc; path = DetailViewController.m; sourceTree = "<group>"; };
		0A98CAA81B9B567F00F05E63 /* UICountingLabel.h */ = {isa = PBXFileReference; fileEncoding = 4; lastKnownFileType = sourcecode.c.h; path = UICountingLabel.h; sourceTree = "<group>"; };
		0A98CAA91B9B567F00F05E63 /* UICountingLabel.m */ = {isa = PBXFileReference; fileEncoding = 4; lastKnownFileType = sourcecode.c.objc; path = UICountingLabel.m; sourceTree = "<group>"; };
		0A98CAAB1B9B577D00F05E63 /* PNRadarChartDataItem.h */ = {isa = PBXFileReference; fileEncoding = 4; lastKnownFileType = sourcecode.c.h; path = PNRadarChartDataItem.h; sourceTree = "<group>"; };
		0A98CAAC1B9B578500F05E63 /* PNRadarChartDataItem.m */ = {isa = PBXFileReference; fileEncoding = 4; lastKnownFileType = sourcecode.c.objc; path = PNRadarChartDataItem.m; sourceTree = "<group>"; };
		0A98CAB61B9B5CE200F05E63 /* CoreData.framework */ = {isa = PBXFileReference; lastKnownFileType = wrapper.framework; name = CoreData.framework; path = System/Library/Frameworks/CoreData.framework; sourceTree = SDKROOT; };
/* End PBXFileReference section */

/* Begin PBXFrameworksBuildPhase section */
		0A98C9F41B9A97A700F05E63 /* Frameworks */ = {
			isa = PBXFrameworksBuildPhase;
			buildActionMask = 2147483647;
			files = (
				0A98CAB71B9B5CE200F05E63 /* CoreData.framework in Frameworks */,
			);
			runOnlyForDeploymentPostprocessing = 0;
		};
		0A98CA101B9A97A700F05E63 /* Frameworks */ = {
			isa = PBXFrameworksBuildPhase;
			buildActionMask = 2147483647;
			files = (
			);
			runOnlyForDeploymentPostprocessing = 0;
		};
/* End PBXFrameworksBuildPhase section */

/* Begin PBXGroup section */
		0A48B8701B9BE12F0057F9C3 /* Masonry */ = {
			isa = PBXGroup;
			children = (
				0A48B8711B9BE12F0057F9C3 /* MASCompositeConstraint.h */,
				0A48B8721B9BE12F0057F9C3 /* MASCompositeConstraint.m */,
				0A48B8731B9BE12F0057F9C3 /* MASConstraint+Private.h */,
				0A48B8741B9BE12F0057F9C3 /* MASConstraint.h */,
				0A48B8751B9BE12F0057F9C3 /* MASConstraint.m */,
				0A48B8761B9BE12F0057F9C3 /* MASConstraintMaker.h */,
				0A48B8771B9BE12F0057F9C3 /* MASConstraintMaker.m */,
				0A48B8781B9BE12F0057F9C3 /* MASLayoutConstraint.h */,
				0A48B8791B9BE12F0057F9C3 /* MASLayoutConstraint.m */,
				0A48B87A1B9BE12F0057F9C3 /* Masonry.h */,
				0A48B87B1B9BE12F0057F9C3 /* MASUtilities.h */,
				0A48B87C1B9BE12F0057F9C3 /* MASViewAttribute.h */,
				0A48B87D1B9BE12F0057F9C3 /* MASViewAttribute.m */,
				0A48B87E1B9BE12F0057F9C3 /* MASViewConstraint.h */,
				0A48B87F1B9BE12F0057F9C3 /* MASViewConstraint.m */,
				0A48B8801B9BE12F0057F9C3 /* NSArray+MASAdditions.h */,
				0A48B8811B9BE12F0057F9C3 /* NSArray+MASAdditions.m */,
				0A48B8821B9BE12F0057F9C3 /* NSArray+MASShorthandAdditions.h */,
				0A48B8831B9BE12F0057F9C3 /* NSLayoutConstraint+MASDebugAdditions.h */,
				0A48B8841B9BE12F0057F9C3 /* NSLayoutConstraint+MASDebugAdditions.m */,
				0A48B8851B9BE12F0057F9C3 /* View+MASAdditions.h */,
				0A48B8861B9BE12F0057F9C3 /* View+MASAdditions.m */,
				0A48B8871B9BE12F0057F9C3 /* View+MASShorthandAdditions.h */,
			);
			path = Masonry;
			sourceTree = "<group>";
		};
		0A98C9EE1B9A97A700F05E63 = {
			isa = PBXGroup;
			children = (
				0A98CAB61B9B5CE200F05E63 /* CoreData.framework */,
				0A98C9F91B9A97A700F05E63 /* Advised */,
				0A98CA161B9A97A700F05E63 /* AdvisedTests */,
				0A98C9F81B9A97A700F05E63 /* Products */,
			);
			sourceTree = "<group>";
		};
		0A98C9F81B9A97A700F05E63 /* Products */ = {
			isa = PBXGroup;
			children = (
				0A98C9F71B9A97A700F05E63 /* Advised.app */,
				0A98CA131B9A97A700F05E63 /* AdvisedTests.xctest */,
			);
			name = Products;
			sourceTree = "<group>";
		};
		0A98C9F91B9A97A700F05E63 /* Advised */ = {
			isa = PBXGroup;
			children = (
				0A48B89A1B9C677A0057F9C3 /* firmfeed.json */,
				0A98CA231B9A97D000F05E63 /* UniversalHeader.h */,
				0A98C9FE1B9A97A700F05E63 /* AppDelegate.h */,
				0A98C9FF1B9A97A700F05E63 /* AppDelegate.m */,
				0A98CA241B9A97D000F05E63 /* ViewController.h */,
				0A98CA251B9A97D000F05E63 /* ViewController.m */,
				0A98CAA51B9B53A400F05E63 /* DetailViewController.h */,
				0A98CAA61B9B53A400F05E63 /* DetailViewController.m */,
				0A48B89C1B9C70760057F9C3 /* DetailFirmViewController.h */,
				0A48B89D1B9C70760057F9C3 /* DetailFirmViewController.m */,
				0A98CA261B9A97D000F05E63 /* GradientView.h */,
				0A98CA271B9A97D000F05E63 /* GradientView.m */,
				0A98CA0A1B9A97A700F05E63 /* Images.xcassets */,
				0A98CA0C1B9A97A700F05E63 /* LaunchScreen.xib */,
				0A98CA011B9A97A700F05E63 /* Advised.xcdatamodeld */,
				0A48B8911B9BFEAE0057F9C3 /* UILabel+DrawAnimation.h */,
				0A48B8921B9BFEAE0057F9C3 /* UILabel+DrawAnimation.m */,
				0A48B8701B9BE12F0057F9C3 /* Masonry */,
				0A98CA721B9B51B100F05E63 /* PNChart */,
				0A98CA321B9A9CC700F05E63 /* Panton */,
				0A98C9FA1B9A97A700F05E63 /* Supporting Files */,
				0A98CAA81B9B567F00F05E63 /* UICountingLabel.h */,
				0A98CAA91B9B567F00F05E63 /* UICountingLabel.m */,
				0A48B8661B9B833B0057F9C3 /* 100feed.json */,
				0A48B86B1B9BC8280057F9C3 /* new100feed.json */,
				0A48B86D1B9BE09D0057F9C3 /* TimelineView.h */,
				0A48B86E1B9BE09D0057F9C3 /* TimelineView.m */,
				0A48B8941B9C08B10057F9C3 /* Firm.h */,
				0A48B8951B9C08B10057F9C3 /* Firm.m */,
				0A48B8961B9C08B10057F9C3 /* Advisor.h */,
				0A48B8971B9C08B10057F9C3 /* Advisor.m */,
			);
			path = Advised;
			sourceTree = "<group>";
		};
		0A98C9FA1B9A97A700F05E63 /* Supporting Files */ = {
			isa = PBXGroup;
			children = (
				0A98C9FB1B9A97A700F05E63 /* Info.plist */,
				0A98C9FC1B9A97A700F05E63 /* main.m */,
			);
			name = "Supporting Files";
			sourceTree = "<group>";
		};
		0A98CA161B9A97A700F05E63 /* AdvisedTests */ = {
			isa = PBXGroup;
			children = (
				0A98CA191B9A97A700F05E63 /* AdvisedTests.m */,
				0A98CA171B9A97A700F05E63 /* Supporting Files */,
			);
			path = AdvisedTests;
			sourceTree = "<group>";
		};
		0A98CA171B9A97A700F05E63 /* Supporting Files */ = {
			isa = PBXGroup;
			children = (
				0A98CA181B9A97A700F05E63 /* Info.plist */,
			);
			name = "Supporting Files";
			sourceTree = "<group>";
		};
		0A98CA321B9A9CC700F05E63 /* Panton */ = {
			isa = PBXGroup;
			children = (
				0A98CA2A1B9A9CBF00F05E63 /* Panton-Regular.otf */,
				0A98CA2B1B9A9CBF00F05E63 /* Panton-ExtraLight.otf */,
				0A98CA2C1B9A9CBF00F05E63 /* Panton-Light.otf */,
				0A98CA2D1B9A9CBF00F05E63 /* Panton-Thin.otf */,
			);
			name = Panton;
			sourceTree = "<group>";
		};
		0A98CA721B9B51B100F05E63 /* PNChart */ = {
			isa = PBXGroup;
			children = (
				0A98CA731B9B51B100F05E63 /* PNBar.h */,
				0A98CA741B9B51B100F05E63 /* PNBar.m */,
				0A98CA751B9B51B100F05E63 /* PNBarChart.h */,
				0A98CA761B9B51B100F05E63 /* PNBarChart.m */,
				0A98CA771B9B51B100F05E63 /* PNChart.h */,
				0A98CA781B9B51B100F05E63 /* PNChartDelegate.h */,
				0A98CA791B9B51B100F05E63 /* PNChartLabel.h */,
				0A98CA7A1B9B51B100F05E63 /* PNChartLabel.m */,
				0A98CA7B1B9B51B100F05E63 /* PNCircleChart.h */,
				0A98CA7C1B9B51B100F05E63 /* PNCircleChart.m */,
				0A98CA7D1B9B51B100F05E63 /* PNColor.h */,
				0A98CA7E1B9B51B100F05E63 /* PNColor.m */,
				0A98CA7F1B9B51B100F05E63 /* PNGenericChart.h */,
				0A98CA801B9B51B100F05E63 /* PNGenericChart.m */,
				0A98CA811B9B51B100F05E63 /* PNLineChart.h */,
				0A98CA821B9B51B100F05E63 /* PNLineChart.m */,
				0A98CA831B9B51B100F05E63 /* PNLineChartData.h */,
				0A98CA841B9B51B100F05E63 /* PNLineChartData.m */,
				0A98CA851B9B51B100F05E63 /* PNLineChartDataItem.h */,
				0A98CA861B9B51B100F05E63 /* PNLineChartDataItem.m */,
				0A98CA871B9B51B100F05E63 /* PNPieChart.h */,
				0A98CA881B9B51B100F05E63 /* PNPieChart.m */,
				0A98CA891B9B51B100F05E63 /* PNPieChartDataItem.h */,
				0A98CA8A1B9B51B100F05E63 /* PNPieChartDataItem.m */,
				0A98CA8B1B9B51B100F05E63 /* PNRadarChart.h */,
				0A98CA8C1B9B51B100F05E63 /* PNRadarChart.m */,
				0A98CAAB1B9B577D00F05E63 /* PNRadarChartDataItem.h */,
				0A98CAAC1B9B578500F05E63 /* PNRadarChartDataItem.m */,
				0A98CA8F1B9B51B100F05E63 /* PNScatterChart.h */,
				0A98CA901B9B51B100F05E63 /* PNScatterChart.m */,
				0A98CA911B9B51B100F05E63 /* PNScatterChartData.h */,
				0A98CA921B9B51B100F05E63 /* PNScatterChartData.m */,
				0A98CA931B9B51B100F05E63 /* PNScatterChartDataItem.h */,
				0A98CA941B9B51B100F05E63 /* PNScatterChartDataItem.m */,
			);
			path = PNChart;
			sourceTree = "<group>";
		};
/* End PBXGroup section */

/* Begin PBXNativeTarget section */
		0A98C9F61B9A97A700F05E63 /* Advised */ = {
			isa = PBXNativeTarget;
			buildConfigurationList = 0A98CA1D1B9A97A700F05E63 /* Build configuration list for PBXNativeTarget "Advised" */;
			buildPhases = (
				0A98C9F31B9A97A700F05E63 /* Sources */,
				0A98C9F41B9A97A700F05E63 /* Frameworks */,
				0A98C9F51B9A97A700F05E63 /* Resources */,
			);
			buildRules = (
			);
			dependencies = (
			);
			name = Advised;
			productName = Advised;
			productReference = 0A98C9F71B9A97A700F05E63 /* Advised.app */;
			productType = "com.apple.product-type.application";
		};
		0A98CA121B9A97A700F05E63 /* AdvisedTests */ = {
			isa = PBXNativeTarget;
			buildConfigurationList = 0A98CA201B9A97A700F05E63 /* Build configuration list for PBXNativeTarget "AdvisedTests" */;
			buildPhases = (
				0A98CA0F1B9A97A700F05E63 /* Sources */,
				0A98CA101B9A97A700F05E63 /* Frameworks */,
				0A98CA111B9A97A700F05E63 /* Resources */,
			);
			buildRules = (
			);
			dependencies = (
				0A98CA151B9A97A700F05E63 /* PBXTargetDependency */,
			);
			name = AdvisedTests;
			productName = AdvisedTests;
			productReference = 0A98CA131B9A97A700F05E63 /* AdvisedTests.xctest */;
			productType = "com.apple.product-type.bundle.unit-test";
		};
/* End PBXNativeTarget section */

/* Begin PBXProject section */
		0A98C9EF1B9A97A700F05E63 /* Project object */ = {
			isa = PBXProject;
			attributes = {
				LastUpgradeCheck = 0640;
				ORGANIZATIONNAME = "Sebastian Cain";
				TargetAttributes = {
					0A98C9F61B9A97A700F05E63 = {
						CreatedOnToolsVersion = 6.4;
					};
					0A98CA121B9A97A700F05E63 = {
						CreatedOnToolsVersion = 6.4;
						TestTargetID = 0A98C9F61B9A97A700F05E63;
					};
				};
			};
			buildConfigurationList = 0A98C9F21B9A97A700F05E63 /* Build configuration list for PBXProject "Advised" */;
			compatibilityVersion = "Xcode 3.2";
			developmentRegion = English;
			hasScannedForEncodings = 0;
			knownRegions = (
				en,
				Base,
			);
			mainGroup = 0A98C9EE1B9A97A700F05E63;
			productRefGroup = 0A98C9F81B9A97A700F05E63 /* Products */;
			projectDirPath = "";
			projectRoot = "";
			targets = (
				0A98C9F61B9A97A700F05E63 /* Advised */,
				0A98CA121B9A97A700F05E63 /* AdvisedTests */,
			);
		};
/* End PBXProject section */

/* Begin PBXResourcesBuildPhase section */
		0A98C9F51B9A97A700F05E63 /* Resources */ = {
			isa = PBXResourcesBuildPhase;
			buildActionMask = 2147483647;
			files = (
				0A98CA311B9A9CBF00F05E63 /* Panton-Thin.otf in Resources */,
				0A48B8671B9B833B0057F9C3 /* 100feed.json in Resources */,
				0A48B89B1B9C677A0057F9C3 /* firmfeed.json in Resources */,
				0A48B86C1B9BC8280057F9C3 /* new100feed.json in Resources */,
				0A98CA0E1B9A97A700F05E63 /* LaunchScreen.xib in Resources */,
				0A98CA2F1B9A9CBF00F05E63 /* Panton-ExtraLight.otf in Resources */,
				0A98CA0B1B9A97A700F05E63 /* Images.xcassets in Resources */,
				0A98CA301B9A9CBF00F05E63 /* Panton-Light.otf in Resources */,
				0A98CA2E1B9A9CBF00F05E63 /* Panton-Regular.otf in Resources */,
			);
			runOnlyForDeploymentPostprocessing = 0;
		};
		0A98CA111B9A97A700F05E63 /* Resources */ = {
			isa = PBXResourcesBuildPhase;
			buildActionMask = 2147483647;
			files = (
			);
			runOnlyForDeploymentPostprocessing = 0;
		};
/* End PBXResourcesBuildPhase section */

/* Begin PBXSourcesBuildPhase section */
		0A98C9F31B9A97A700F05E63 /* Sources */ = {
			isa = PBXSourcesBuildPhase;
			buildActionMask = 2147483647;
			files = (
				0A48B8991B9C08B10057F9C3 /* Advisor.m in Sources */,
				0A98CA291B9A97D000F05E63 /* GradientView.m in Sources */,
				0A48B86F1B9BE09D0057F9C3 /* TimelineView.m in Sources */,
				0A98CAA41B9B51B100F05E63 /* PNScatterChartDataItem.m in Sources */,
				0A98CAA01B9B51B100F05E63 /* PNRadarChart.m in Sources */,
				0A98CA981B9B51B100F05E63 /* PNCircleChart.m in Sources */,
				0A48B88E1B9BE12F0057F9C3 /* NSArray+MASAdditions.m in Sources */,
				0A98CAA31B9B51B100F05E63 /* PNScatterChartData.m in Sources */,
				0A98CA971B9B51B100F05E63 /* PNChartLabel.m in Sources */,
				0A98CA9D1B9B51B100F05E63 /* PNLineChartDataItem.m in Sources */,
				0A98CAA71B9B53A400F05E63 /* DetailViewController.m in Sources */,
				0A98CA961B9B51B100F05E63 /* PNBarChart.m in Sources */,
				0A98CA001B9A97A700F05E63 /* AppDelegate.m in Sources */,
				0A48B88A1B9BE12F0057F9C3 /* MASConstraintMaker.m in Sources */,
				0A48B8901B9BE12F0057F9C3 /* View+MASAdditions.m in Sources */,
				0A48B88F1B9BE12F0057F9C3 /* NSLayoutConstraint+MASDebugAdditions.m in Sources */,
				0A48B8981B9C08B10057F9C3 /* Firm.m in Sources */,
				0A48B8891B9BE12F0057F9C3 /* MASConstraint.m in Sources */,
				0A98CA9F1B9B51B100F05E63 /* PNPieChartDataItem.m in Sources */,
				0A48B88D1B9BE12F0057F9C3 /* MASViewConstraint.m in Sources */,
				0A98CA031B9A97A700F05E63 /* Advised.xcdatamodeld in Sources */,
				0A98CA9A1B9B51B100F05E63 /* PNGenericChart.m in Sources */,
				0A48B89E1B9C70760057F9C3 /* DetailFirmViewController.m in Sources */,
				0A98CAA21B9B51B100F05E63 /* PNScatterChart.m in Sources */,
				0A98CA951B9B51B100F05E63 /* PNBar.m in Sources */,
				0A98CA9E1B9B51B100F05E63 /* PNPieChart.m in Sources */,
				0A48B8931B9BFEAE0057F9C3 /* UILabel+DrawAnimation.m in Sources */,
				0A98CA9B1B9B51B100F05E63 /* PNLineChart.m in Sources */,
				0A48B88C1B9BE12F0057F9C3 /* MASViewAttribute.m in Sources */,
				0A48B88B1B9BE12F0057F9C3 /* MASLayoutConstraint.m in Sources */,
				0A98CAAD1B9B578500F05E63 /* PNRadarChartDataItem.m in Sources */,
				0A98CA281B9A97D000F05E63 /* ViewController.m in Sources */,
				0A48B8881B9BE12F0057F9C3 /* MASCompositeConstraint.m in Sources */,
				0A98C9FD1B9A97A700F05E63 /* main.m in Sources */,
				0A98CA9C1B9B51B100F05E63 /* PNLineChartData.m in Sources */,
				0A98CAAA1B9B567F00F05E63 /* UICountingLabel.m in Sources */,
				0A98CA991B9B51B100F05E63 /* PNColor.m in Sources */,
			);
			runOnlyForDeploymentPostprocessing = 0;
		};
		0A98CA0F1B9A97A700F05E63 /* Sources */ = {
			isa = PBXSourcesBuildPhase;
			buildActionMask = 2147483647;
			files = (
				0A98CA1A1B9A97A700F05E63 /* AdvisedTests.m in Sources */,
			);
			runOnlyForDeploymentPostprocessing = 0;
		};
/* End PBXSourcesBuildPhase section */

/* Begin PBXTargetDependency section */
		0A98CA151B9A97A700F05E63 /* PBXTargetDependency */ = {
			isa = PBXTargetDependency;
			target = 0A98C9F61B9A97A700F05E63 /* Advised */;
			targetProxy = 0A98CA141B9A97A700F05E63 /* PBXContainerItemProxy */;
		};
/* End PBXTargetDependency section */

/* Begin PBXVariantGroup section */
		0A98CA0C1B9A97A700F05E63 /* LaunchScreen.xib */ = {
			isa = PBXVariantGroup;
			children = (
				0A98CA0D1B9A97A700F05E63 /* Base */,
			);
			name = LaunchScreen.xib;
			sourceTree = "<group>";
		};
/* End PBXVariantGroup section */

/* Begin XCBuildConfiguration section */
		0A98CA1B1B9A97A700F05E63 /* Debug */ = {
			isa = XCBuildConfiguration;
			buildSettings = {
				ALWAYS_SEARCH_USER_PATHS = NO;
				CLANG_CXX_LANGUAGE_STANDARD = "gnu++0x";
				CLANG_CXX_LIBRARY = "libc++";
				CLANG_ENABLE_MODULES = YES;
				CLANG_ENABLE_OBJC_ARC = YES;
				CLANG_WARN_BOOL_CONVERSION = YES;
				CLANG_WARN_CONSTANT_CONVERSION = YES;
				CLANG_WARN_DIRECT_OBJC_ISA_USAGE = YES_ERROR;
				CLANG_WARN_EMPTY_BODY = YES;
				CLANG_WARN_ENUM_CONVERSION = YES;
				CLANG_WARN_INT_CONVERSION = YES;
				CLANG_WARN_OBJC_ROOT_CLASS = YES_ERROR;
				CLANG_WARN_UNREACHABLE_CODE = YES;
				CLANG_WARN__DUPLICATE_METHOD_MATCH = YES;
				"CODE_SIGN_IDENTITY[sdk=iphoneos*]" = "iPhone Developer";
				COPY_PHASE_STRIP = NO;
				DEBUG_INFORMATION_FORMAT = "dwarf-with-dsym";
				ENABLE_STRICT_OBJC_MSGSEND = YES;
				GCC_C_LANGUAGE_STANDARD = gnu99;
				GCC_DYNAMIC_NO_PIC = NO;
				GCC_NO_COMMON_BLOCKS = YES;
				GCC_OPTIMIZATION_LEVEL = 0;
				GCC_PREPROCESSOR_DEFINITIONS = (
					"DEBUG=1",
					"$(inherited)",
				);
				GCC_SYMBOLS_PRIVATE_EXTERN = NO;
				GCC_WARN_64_TO_32_BIT_CONVERSION = YES;
				GCC_WARN_ABOUT_RETURN_TYPE = YES_ERROR;
				GCC_WARN_UNDECLARED_SELECTOR = YES;
				GCC_WARN_UNINITIALIZED_AUTOS = YES_AGGRESSIVE;
				GCC_WARN_UNUSED_FUNCTION = YES;
				GCC_WARN_UNUSED_VARIABLE = YES;
				IPHONEOS_DEPLOYMENT_TARGET = 8.4;
				MTL_ENABLE_DEBUG_INFO = YES;
				ONLY_ACTIVE_ARCH = YES;
				SDKROOT = iphoneos;
			};
			name = Debug;
		};
		0A98CA1C1B9A97A700F05E63 /* Release */ = {
			isa = XCBuildConfiguration;
			buildSettings = {
				ALWAYS_SEARCH_USER_PATHS = NO;
				CLANG_CXX_LANGUAGE_STANDARD = "gnu++0x";
				CLANG_CXX_LIBRARY = "libc++";
				CLANG_ENABLE_MODULES = YES;
				CLANG_ENABLE_OBJC_ARC = YES;
				CLANG_WARN_BOOL_CONVERSION = YES;
				CLANG_WARN_CONSTANT_CONVERSION = YES;
				CLANG_WARN_DIRECT_OBJC_ISA_USAGE = YES_ERROR;
				CLANG_WARN_EMPTY_BODY = YES;
				CLANG_WARN_ENUM_CONVERSION = YES;
				CLANG_WARN_INT_CONVERSION = YES;
				CLANG_WARN_OBJC_ROOT_CLASS = YES_ERROR;
				CLANG_WARN_UNREACHABLE_CODE = YES;
				CLANG_WARN__DUPLICATE_METHOD_MATCH = YES;
				"CODE_SIGN_IDENTITY[sdk=iphoneos*]" = "iPhone Developer";
				COPY_PHASE_STRIP = NO;
				DEBUG_INFORMATION_FORMAT = "dwarf-with-dsym";
				ENABLE_NS_ASSERTIONS = NO;
				ENABLE_STRICT_OBJC_MSGSEND = YES;
				GCC_C_LANGUAGE_STANDARD = gnu99;
				GCC_NO_COMMON_BLOCKS = YES;
				GCC_WARN_64_TO_32_BIT_CONVERSION = YES;
				GCC_WARN_ABOUT_RETURN_TYPE = YES_ERROR;
				GCC_WARN_UNDECLARED_SELECTOR = YES;
				GCC_WARN_UNINITIALIZED_AUTOS = YES_AGGRESSIVE;
				GCC_WARN_UNUSED_FUNCTION = YES;
				GCC_WARN_UNUSED_VARIABLE = YES;
				IPHONEOS_DEPLOYMENT_TARGET = 8.4;
				MTL_ENABLE_DEBUG_INFO = NO;
				SDKROOT = iphoneos;
				VALIDATE_PRODUCT = YES;
			};
			name = Release;
		};
		0A98CA1E1B9A97A700F05E63 /* Debug */ = {
			isa = XCBuildConfiguration;
			buildSettings = {
				ASSETCATALOG_COMPILER_APPICON_NAME = AppIcon;
				INFOPLIST_FILE = Advised/Info.plist;
				LD_RUNPATH_SEARCH_PATHS = "$(inherited) @executable_path/Frameworks";
				PRODUCT_NAME = "$(TARGET_NAME)";
				TARGETED_DEVICE_FAMILY = 1;
			};
			name = Debug;
		};
		0A98CA1F1B9A97A700F05E63 /* Release */ = {
			isa = XCBuildConfiguration;
			buildSettings = {
				ASSETCATALOG_COMPILER_APPICON_NAME = AppIcon;
				INFOPLIST_FILE = Advised/Info.plist;
				LD_RUNPATH_SEARCH_PATHS = "$(inherited) @executable_path/Frameworks";
				PRODUCT_NAME = "$(TARGET_NAME)";
				TARGETED_DEVICE_FAMILY = 1;
			};
			name = Release;
		};
		0A98CA211B9A97A700F05E63 /* Debug */ = {
			isa = XCBuildConfiguration;
			buildSettings = {
				BUNDLE_LOADER = "$(TEST_HOST)";
				FRAMEWORK_SEARCH_PATHS = (
					"$(SDKROOT)/Developer/Library/Frameworks",
					"$(inherited)",
				);
				GCC_PREPROCESSOR_DEFINITIONS = (
					"DEBUG=1",
					"$(inherited)",
				);
				INFOPLIST_FILE = AdvisedTests/Info.plist;
				LD_RUNPATH_SEARCH_PATHS = "$(inherited) @executable_path/Frameworks @loader_path/Frameworks";
				PRODUCT_NAME = "$(TARGET_NAME)";
				TEST_HOST = "$(BUILT_PRODUCTS_DIR)/Advised.app/Advised";
			};
			name = Debug;
		};
		0A98CA221B9A97A700F05E63 /* Release */ = {
			isa = XCBuildConfiguration;
			buildSettings = {
				BUNDLE_LOADER = "$(TEST_HOST)";
				FRAMEWORK_SEARCH_PATHS = (
					"$(SDKROOT)/Developer/Library/Frameworks",
					"$(inherited)",
				);
				INFOPLIST_FILE = AdvisedTests/Info.plist;
				LD_RUNPATH_SEARCH_PATHS = "$(inherited) @executable_path/Frameworks @loader_path/Frameworks";
				PRODUCT_NAME = "$(TARGET_NAME)";
				TEST_HOST = "$(BUILT_PRODUCTS_DIR)/Advised.app/Advised";
			};
			name = Release;
		};
/* End XCBuildConfiguration section */

/* Begin XCConfigurationList section */
		0A98C9F21B9A97A700F05E63 /* Build configuration list for PBXProject "Advised" */ = {
			isa = XCConfigurationList;
			buildConfigurations = (
				0A98CA1B1B9A97A700F05E63 /* Debug */,
				0A98CA1C1B9A97A700F05E63 /* Release */,
			);
			defaultConfigurationIsVisible = 0;
			defaultConfigurationName = Release;
		};
		0A98CA1D1B9A97A700F05E63 /* Build configuration list for PBXNativeTarget "Advised" */ = {
			isa = XCConfigurationList;
			buildConfigurations = (
				0A98CA1E1B9A97A700F05E63 /* Debug */,
				0A98CA1F1B9A97A700F05E63 /* Release */,
			);
			defaultConfigurationIsVisible = 0;
			defaultConfigurationName = Release;
		};
		0A98CA201B9A97A700F05E63 /* Build configuration list for PBXNativeTarget "AdvisedTests" */ = {
			isa = XCConfigurationList;
			buildConfigurations = (
				0A98CA211B9A97A700F05E63 /* Debug */,
				0A98CA221B9A97A700F05E63 /* Release */,
			);
			defaultConfigurationIsVisible = 0;
			defaultConfigurationName = Release;
		};
/* End XCConfigurationList section */

/* Begin XCVersionGroup section */
		0A98CA011B9A97A700F05E63 /* Advised.xcdatamodeld */ = {
			isa = XCVersionGroup;
			children = (
				0A98CA021B9A97A700F05E63 /* Advised.xcdatamodel */,
			);
			currentVersion = 0A98CA021B9A97A700F05E63 /* Advised.xcdatamodel */;
			path = Advised.xcdatamodeld;
			sourceTree = "<group>";
			versionGroupType = wrapper.xcdatamodel;
		};
/* End XCVersionGroup section */
	};
	rootObject = 0A98C9EF1B9A97A700F05E63 /* Project object */;
}
